
Microsoft Visual Studio Solution File, Format Version 12.00
# Visual Studio Version 17
VisualStudioVersion = 17.7.34202.233
MinimumVisualStudioVersion = 10.0.40219.1
Project("{FAE04EC0-301F-11D3-BF4B-00C04F79EFBC}") = "01_Classes", "01_Classes\01_Classes.csproj", "{0E7C9948-DB09-4A71-BF52-F10214D62495}"
EndProject
Project("{FAE04EC0-301F-11D3-BF4B-00C04F79EFBC}") = "02_RecapDemo", "02_RecapDemo\02_RecapDemo.csproj", "{9D982F01-14B9-4CDC-AED6-1F00D432A7BA}"
EndProject
Project("{FAE04EC0-301F-11D3-BF4B-00C04F79EFBC}") = "03_Interfaces", "03_Interfaces\03_Interfaces.csproj", "{9CCED597-83EC-44BD-912F-3C2EE033398B}"
EndProject
Project("{FAE04EC0-301F-11D3-BF4B-00C04F79EFBC}") = "04_InterfacesDemo", "04_InterfacesDemo\04_InterfacesDemo.csproj", "{EF79D555-7AF9-4DAD-B517-30FDE71A142E}"
EndProject
Project("{FAE04EC0-301F-11D3-BF4B-00C04F79EFBC}") = "05_Inheritance", "05_Inheritance\05_Inheritance.csproj", "{4979400E-E0C9-4454-8363-395CE3380463}"
EndProject
Global
	GlobalSection(SolutionConfigurationPlatforms) = preSolution
		Debug|Any CPU = Debug|Any CPU
		Release|Any CPU = Release|Any CPU
	EndGlobalSection
	GlobalSection(ProjectConfigurationPlatforms) = postSolution
		{0E7C9948-DB09-4A71-BF52-F10214D62495}.Debug|Any CPU.ActiveCfg = Debug|Any CPU
		{0E7C9948-DB09-4A71-BF52-F10214D62495}.Debug|Any CPU.Build.0 = Debug|Any CPU
		{0E7C9948-DB09-4A71-BF52-F10214D62495}.Release|Any CPU.ActiveCfg = Release|Any CPU
		{0E7C9948-DB09-4A71-BF52-F10214D62495}.Release|Any CPU.Build.0 = Release|Any CPU
		{9D982F01-14B9-4CDC-AED6-1F00D432A7BA}.Debug|Any CPU.ActiveCfg = Debug|Any CPU
		{9D982F01-14B9-4CDC-AED6-1F00D432A7BA}.Debug|Any CPU.Build.0 = Debug|Any CPU
		{9D982F01-14B9-4CDC-AED6-1F00D432A7BA}.Release|Any CPU.ActiveCfg = Release|Any CPU
		{9D982F01-14B9-4CDC-AED6-1F00D432A7BA}.Release|Any CPU.Build.0 = Release|Any CPU
		{9CCED597-83EC-44BD-912F-3C2EE033398B}.Debug|Any CPU.ActiveCfg = Debug|Any CPU
		{9CCED597-83EC-44BD-912F-3C2EE033398B}.Debug|Any CPU.Build.0 = Debug|Any CPU
		{9CCED597-83EC-44BD-912F-3C2EE033398B}.Release|Any CPU.ActiveCfg = Release|Any CPU
		{9CCED597-83EC-44BD-912F-3C2EE033398B}.Release|Any CPU.Build.0 = Release|Any CPU
		{EF79D555-7AF9-4DAD-B517-30FDE71A142E}.Debug|Any CPU.ActiveCfg = Debug|Any CPU
		{EF79D555-7AF9-4DAD-B517-30FDE71A142E}.Debug|Any CPU.Build.0 = Debug|Any CPU
		{EF79D555-7AF9-4DAD-B517-30FDE71A142E}.Release|Any CPU.ActiveCfg = Release|Any CPU
		{EF79D555-7AF9-4DAD-B517-30FDE71A142E}.Release|Any CPU.Build.0 = Release|Any CPU
		{4979400E-E0C9-4454-8363-395CE3380463}.Debug|Any CPU.ActiveCfg = Debug|Any CPU
		{4979400E-E0C9-4454-8363-395CE3380463}.Debug|Any CPU.Build.0 = Debug|Any CPU
		{4979400E-E0C9-4454-8363-395CE3380463}.Release|Any CPU.ActiveCfg = Release|Any CPU
		{4979400E-E0C9-4454-8363-395CE3380463}.Release|Any CPU.Build.0 = Release|Any CPU
	EndGlobalSection
	GlobalSection(SolutionProperties) = preSolution
		HideSolutionNode = FALSE
	EndGlobalSection
	GlobalSection(ExtensibilityGlobals) = postSolution
		SolutionGuid = {E65B27A1-5AB2-421C-9183-32B4B9B6CF4D}
	EndGlobalSection
EndGlobal
